
Microsoft Visual Studio Solution File, Format Version 12.00
# Visual Studio Version 17
VisualStudioVersion = 17.2.32616.157
MinimumVisualStudioVersion = 10.0.40219.1
Project("{FAE04EC0-301F-11D3-BF4B-00C04F79EFBC}") = "Lab_4_1_16", "Lab_4_1_16.csproj", "{D360BC33-43FE-4E92-8A52-2AB7D65F767A}"
EndProject
Global
	GlobalSection(SolutionConfigurationPlatforms) = preSolution
		Debug|Any CPU = Debug|Any CPU
		Release|Any CPU = Release|Any CPU
	EndGlobalSection
	GlobalSection(ProjectConfigurationPlatforms) = postSolution
		{D360BC33-43FE-4E92-8A52-2AB7D65F767A}.Debug|Any CPU.ActiveCfg = Debug|Any CPU
		{D360BC33-43FE-4E92-8A52-2AB7D65F767A}.Debug|Any CPU.Build.0 = Debug|Any CPU
		{D360BC33-43FE-4E92-8A52-2AB7D65F767A}.Release|Any CPU.ActiveCfg = Release|Any CPU
		{D360BC33-43FE-4E92-8A52-2AB7D65F767A}.Release|Any CPU.Build.0 = Release|Any CPU
	EndGlobalSection
	GlobalSection(SolutionProperties) = preSolution
		HideSolutionNode = FALSE
	EndGlobalSection
	GlobalSection(ExtensibilityGlobals) = postSolution
		SolutionGuid = {5CBB82A6-7A10-41C3-9D5F-C6466B100EE5}
	EndGlobalSection
EndGlobal
